
Microsoft Visual Studio Solution File, Format Version 12.00
# Visual Studio Version 16
VisualStudioVersion = 16.0.30804.86
MinimumVisualStudioVersion = 10.0.40219.1
Project("{8BC9CEB8-8B4A-11D0-8D11-00A0C91BC942}") = "HomingMissile", "HomingMissile\HomingMissile.vcxproj", "{ADE6EE29-E851-4221-919A-90CCB3F349DA}"
EndProject
Global
	GlobalSection(SolutionConfigurationPlatforms) = preSolution
		Debug|x64 = Debug|x64
		Debug|x86 = Debug|x86
		Release|x64 = Release|x64
		Release|x86 = Release|x86
	EndGlobalSection
	GlobalSection(ProjectConfigurationPlatforms) = postSolution
		{ADE6EE29-E851-4221-919A-90CCB3F349DA}.Debug|x64.ActiveCfg = Debug|x64
		{ADE6EE29-E851-4221-919A-90CCB3F349DA}.Debug|x64.Build.0 = Debug|x64
		{ADE6EE29-E851-4221-919A-90CCB3F349DA}.Debug|x86.ActiveCfg = Debug|Win32
		{ADE6EE29-E851-4221-919A-90CCB3F349DA}.Debug|x86.Build.0 = Debug|Win32
		{ADE6EE29-E851-4221-919A-90CCB3F349DA}.Release|x64.ActiveCfg = Release|x64
		{ADE6EE29-E851-4221-919A-90CCB3F349DA}.Release|x64.Build.0 = Release|x64
		{ADE6EE29-E851-4221-919A-90CCB3F349DA}.Release|x86.ActiveCfg = Release|Win32
		{ADE6EE29-E851-4221-919A-90CCB3F349DA}.Release|x86.Build.0 = Release|Win32
	EndGlobalSection
	GlobalSection(SolutionProperties) = preSolution
		HideSolutionNode = FALSE
	EndGlobalSection
	GlobalSection(ExtensibilityGlobals) = postSolution
		SolutionGuid = {9EECFB39-65B4-497B-BCE4-44527B06F9F5}
	EndGlobalSection
EndGlobal
